
Microsoft Visual Studio Solution File, Format Version 11.00
# Visual Studio 2010
Project("{FAE04EC0-301F-11D3-BF4B-00C04F79EFBC}") = "AgeRange.UI", "AgeRange.UI\AgeRange.UI.csproj", "{86D7170C-04E7-49C0-8F03-61C72A738888}"
EndProject
Project("{FAE04EC0-301F-11D3-BF4B-00C04F79EFBC}") = "AgeRange.ExternalService", "AgeRange.ExternalService\AgeRange.ExternalService.csproj", "{F564F462-6033-4F06-AB74-9755A7D239A0}"
EndProject
Project("{FAE04EC0-301F-11D3-BF4B-00C04F79EFBC}") = "Common.Models", "..\AgeRangeCommon\AssignmentCommon.Models\Common.Models.csproj", "{F4F2E434-CE64-4E47-B8B0-BA28CB1C7A6D}"
EndProject
Project("{FAE04EC0-301F-11D3-BF4B-00C04F79EFBC}") = "Common.Framework", "..\AgeRangeCommon\Common.Framework\Common.Framework.csproj", "{01C33B09-5427-479A-A877-D11ACE5B1DF4}"
EndProject
Project("{FAE04EC0-301F-11D3-BF4B-00C04F79EFBC}") = "AgeRangeTestProject", "AgeRangeTestProject\AgeRangeTestProject.csproj", "{22868201-8677-4059-B03B-5225CB80E461}"
EndProject
Project("{2150E333-8FDC-42A3-9474-1A3956D46DE8}") = "Solution Items", "Solution Items", "{0702FD47-0299-4150-87FF-A47474221917}"
	ProjectSection(SolutionItems) = preProject
		AgeRangeWeb.vsmdi = AgeRangeWeb.vsmdi
		Local.testsettings = Local.testsettings
		TraceAndTestImpact.testsettings = TraceAndTestImpact.testsettings
	EndProjectSection
EndProject
Global
	GlobalSection(TestCaseManagementSettings) = postSolution
		CategoryFile = AgeRangeWeb.vsmdi
	EndGlobalSection
	GlobalSection(SolutionConfigurationPlatforms) = preSolution
		Debug|Any CPU = Debug|Any CPU
		Release|Any CPU = Release|Any CPU
	EndGlobalSection
	GlobalSection(ProjectConfigurationPlatforms) = postSolution
		{86D7170C-04E7-49C0-8F03-61C72A738888}.Debug|Any CPU.ActiveCfg = Debug|Any CPU
		{86D7170C-04E7-49C0-8F03-61C72A738888}.Debug|Any CPU.Build.0 = Debug|Any CPU
		{86D7170C-04E7-49C0-8F03-61C72A738888}.Release|Any CPU.ActiveCfg = Release|Any CPU
		{86D7170C-04E7-49C0-8F03-61C72A738888}.Release|Any CPU.Build.0 = Release|Any CPU
		{F564F462-6033-4F06-AB74-9755A7D239A0}.Debug|Any CPU.ActiveCfg = Debug|Any CPU
		{F564F462-6033-4F06-AB74-9755A7D239A0}.Debug|Any CPU.Build.0 = Debug|Any CPU
		{F564F462-6033-4F06-AB74-9755A7D239A0}.Release|Any CPU.ActiveCfg = Release|Any CPU
		{F564F462-6033-4F06-AB74-9755A7D239A0}.Release|Any CPU.Build.0 = Release|Any CPU
		{F4F2E434-CE64-4E47-B8B0-BA28CB1C7A6D}.Debug|Any CPU.ActiveCfg = Debug|Any CPU
		{F4F2E434-CE64-4E47-B8B0-BA28CB1C7A6D}.Debug|Any CPU.Build.0 = Debug|Any CPU
		{F4F2E434-CE64-4E47-B8B0-BA28CB1C7A6D}.Release|Any CPU.ActiveCfg = Release|Any CPU
		{F4F2E434-CE64-4E47-B8B0-BA28CB1C7A6D}.Release|Any CPU.Build.0 = Release|Any CPU
		{01C33B09-5427-479A-A877-D11ACE5B1DF4}.Debug|Any CPU.ActiveCfg = Debug|Any CPU
		{01C33B09-5427-479A-A877-D11ACE5B1DF4}.Debug|Any CPU.Build.0 = Debug|Any CPU
		{01C33B09-5427-479A-A877-D11ACE5B1DF4}.Release|Any CPU.ActiveCfg = Release|Any CPU
		{01C33B09-5427-479A-A877-D11ACE5B1DF4}.Release|Any CPU.Build.0 = Release|Any CPU
		{22868201-8677-4059-B03B-5225CB80E461}.Debug|Any CPU.ActiveCfg = Debug|Any CPU
		{22868201-8677-4059-B03B-5225CB80E461}.Debug|Any CPU.Build.0 = Debug|Any CPU
		{22868201-8677-4059-B03B-5225CB80E461}.Release|Any CPU.ActiveCfg = Release|Any CPU
		{22868201-8677-4059-B03B-5225CB80E461}.Release|Any CPU.Build.0 = Release|Any CPU
	EndGlobalSection
	GlobalSection(SolutionProperties) = preSolution
		HideSolutionNode = FALSE
	EndGlobalSection
EndGlobal
